
Microsoft Visual Studio Solution File, Format Version 12.00
# Visual Studio 14
VisualStudioVersion = 14.0.25123.0
MinimumVisualStudioVersion = 10.0.40219.1
Project("{FAE04EC0-301F-11D3-BF4B-00C04F79EFBC}") = "Kor.Web", "Kor.Web\Kor.Web.csproj", "{7D3CB71C-F9A0-4774-BEE2-9FFA7FD2B570}"
EndProject
Project("{FAE04EC0-301F-11D3-BF4B-00C04F79EFBC}") = "Kor.Web.Tests", "Kor.Web.Tests\Kor.Web.Tests.csproj", "{AD8082BB-7016-421B-996A-A8C45032ECA6}"
EndProject
Project("{FAE04EC0-301F-11D3-BF4B-00C04F79EFBC}") = "Kor.Core", "Kor.Core\Kor.Core.csproj", "{80491326-C095-4432-9201-0BE05215D9B1}"
EndProject
Global
	GlobalSection(SolutionConfigurationPlatforms) = preSolution
		Debug|Any CPU = Debug|Any CPU
		Release|Any CPU = Release|Any CPU
	EndGlobalSection
	GlobalSection(ProjectConfigurationPlatforms) = postSolution
		{7D3CB71C-F9A0-4774-BEE2-9FFA7FD2B570}.Debug|Any CPU.ActiveCfg = Debug|Any CPU
		{7D3CB71C-F9A0-4774-BEE2-9FFA7FD2B570}.Debug|Any CPU.Build.0 = Debug|Any CPU
		{7D3CB71C-F9A0-4774-BEE2-9FFA7FD2B570}.Release|Any CPU.ActiveCfg = Release|Any CPU
		{7D3CB71C-F9A0-4774-BEE2-9FFA7FD2B570}.Release|Any CPU.Build.0 = Release|Any CPU
		{AD8082BB-7016-421B-996A-A8C45032ECA6}.Debug|Any CPU.ActiveCfg = Debug|Any CPU
		{AD8082BB-7016-421B-996A-A8C45032ECA6}.Debug|Any CPU.Build.0 = Debug|Any CPU
		{AD8082BB-7016-421B-996A-A8C45032ECA6}.Release|Any CPU.ActiveCfg = Release|Any CPU
		{AD8082BB-7016-421B-996A-A8C45032ECA6}.Release|Any CPU.Build.0 = Release|Any CPU
		{80491326-C095-4432-9201-0BE05215D9B1}.Debug|Any CPU.ActiveCfg = Debug|Any CPU
		{80491326-C095-4432-9201-0BE05215D9B1}.Debug|Any CPU.Build.0 = Debug|Any CPU
		{80491326-C095-4432-9201-0BE05215D9B1}.Release|Any CPU.ActiveCfg = Release|Any CPU
		{80491326-C095-4432-9201-0BE05215D9B1}.Release|Any CPU.Build.0 = Release|Any CPU
	EndGlobalSection
	GlobalSection(SolutionProperties) = preSolution
		HideSolutionNode = FALSE
	EndGlobalSection
EndGlobal
